
Microsoft Visual Studio Solution File, Format Version 12.00
# Visual Studio 15
VisualStudioVersion = 15.0.26730.10
MinimumVisualStudioVersion = 10.0.40219.1
Project("{FAE04EC0-301F-11D3-BF4B-00C04F79EFBC}") = "IDServer", "IDServer\IDServer.csproj", "{B1E7D0CA-F034-4F58-8719-369A829B617E}"
EndProject
Global
	GlobalSection(SolutionConfigurationPlatforms) = preSolution
		Debug|Any CPU = Debug|Any CPU
		Release|Any CPU = Release|Any CPU
	EndGlobalSection
	GlobalSection(ProjectConfigurationPlatforms) = postSolution
		{B1E7D0CA-F034-4F58-8719-369A829B617E}.Debug|Any CPU.ActiveCfg = Debug|Any CPU
		{B1E7D0CA-F034-4F58-8719-369A829B617E}.Debug|Any CPU.Build.0 = Debug|Any CPU
		{B1E7D0CA-F034-4F58-8719-369A829B617E}.Release|Any CPU.ActiveCfg = Release|Any CPU
		{B1E7D0CA-F034-4F58-8719-369A829B617E}.Release|Any CPU.Build.0 = Release|Any CPU
	EndGlobalSection
	GlobalSection(SolutionProperties) = preSolution
		HideSolutionNode = FALSE
	EndGlobalSection
	GlobalSection(ExtensibilityGlobals) = postSolution
		SolutionGuid = {22A3A0CC-327F-4C68-8B68-3A3C130F6A58}
	EndGlobalSection
EndGlobal
