
Microsoft Visual Studio Solution File, Format Version 12.00
# Visual Studio 15
VisualStudioVersion = 15.0.26730.0
MinimumVisualStudioVersion = 10.0.40219.1
Project("{FAE04EC0-301F-11D3-BF4B-00C04F79EFBC}") = "WebApp", "WebApp\WebApp.csproj", "{08F8976B-679C-4383-A4D7-E6A89C0D83DA}"
EndProject
Global
	GlobalSection(SolutionConfigurationPlatforms) = preSolution
		Debug|Any CPU = Debug|Any CPU
		Release|Any CPU = Release|Any CPU
	EndGlobalSection
	GlobalSection(ProjectConfigurationPlatforms) = postSolution
		{08F8976B-679C-4383-A4D7-E6A89C0D83DA}.Debug|Any CPU.ActiveCfg = Debug|Any CPU
		{08F8976B-679C-4383-A4D7-E6A89C0D83DA}.Debug|Any CPU.Build.0 = Debug|Any CPU
		{08F8976B-679C-4383-A4D7-E6A89C0D83DA}.Release|Any CPU.ActiveCfg = Release|Any CPU
		{08F8976B-679C-4383-A4D7-E6A89C0D83DA}.Release|Any CPU.Build.0 = Release|Any CPU
	EndGlobalSection
	GlobalSection(SolutionProperties) = preSolution
		HideSolutionNode = FALSE
	EndGlobalSection
	GlobalSection(ExtensibilityGlobals) = postSolution
		SolutionGuid = {076C5E7F-5ADE-4F80-92B7-5190262D509A}
	EndGlobalSection
EndGlobal
